
Microsoft Visual Studio Solution File, Format Version 12.00
# Visual Studio 2013
VisualStudioVersion = 12.0.31101.0
MinimumVisualStudioVersion = 10.0.40219.1
Project("{F2A71F9B-5D33-465A-A702-920D77279786}") = "RPSLS", "RPSLS\RPSLS.fsproj", "{28A0EDED-961B-4A9E-9F38-6E7F56D699CB}"
EndProject
Project("{F2A71F9B-5D33-465A-A702-920D77279786}") = "RPSLS.Tests", "RPSLS.Tests\RPSLS.Tests.fsproj", "{C0F61EF6-FAB6-4D58-BFE9-075D41C8BAC5}"
EndProject
Project("{2150E333-8FDC-42A3-9474-1A3956D46DE8}") = ".nuget", ".nuget", "{3326C272-FAA6-4549-92A0-67956E38C4B2}"
	ProjectSection(SolutionItems) = preProject
		.nuget\packages.config = .nuget\packages.config
	EndProjectSection
EndProject
Global
	GlobalSection(SolutionConfigurationPlatforms) = preSolution
		Debug|Any CPU = Debug|Any CPU
		Release|Any CPU = Release|Any CPU
	EndGlobalSection
	GlobalSection(ProjectConfigurationPlatforms) = postSolution
		{28A0EDED-961B-4A9E-9F38-6E7F56D699CB}.Debug|Any CPU.ActiveCfg = Debug|Any CPU
		{28A0EDED-961B-4A9E-9F38-6E7F56D699CB}.Debug|Any CPU.Build.0 = Debug|Any CPU
		{28A0EDED-961B-4A9E-9F38-6E7F56D699CB}.Release|Any CPU.ActiveCfg = Release|Any CPU
		{28A0EDED-961B-4A9E-9F38-6E7F56D699CB}.Release|Any CPU.Build.0 = Release|Any CPU
		{C0F61EF6-FAB6-4D58-BFE9-075D41C8BAC5}.Debug|Any CPU.ActiveCfg = Debug|Any CPU
		{C0F61EF6-FAB6-4D58-BFE9-075D41C8BAC5}.Debug|Any CPU.Build.0 = Debug|Any CPU
		{C0F61EF6-FAB6-4D58-BFE9-075D41C8BAC5}.Release|Any CPU.ActiveCfg = Release|Any CPU
		{C0F61EF6-FAB6-4D58-BFE9-075D41C8BAC5}.Release|Any CPU.Build.0 = Release|Any CPU
	EndGlobalSection
	GlobalSection(SolutionProperties) = preSolution
		HideSolutionNode = FALSE
	EndGlobalSection
EndGlobal
